// !$*UTF8*$!
{
	archiveVersion = 1;
	classes = {
	};
	objectVersion = 56;
	objects = {

/* Begin PBXBuildFile section */
		1F027FF12BC2C1FD00898901 /* ScrumdingerApp.swift in Sources */ = {isa = PBXBuildFile; fileRef = 1F027FF02BC2C1FD00898901 /* ScrumdingerApp.swift */; };
		1F027FF32BC2C1FD00898901 /* MeetingView.swift in Sources */ = {isa = PBXBuildFile; fileRef = 1F027FF22BC2C1FD00898901 /* MeetingView.swift */; };
		1F027FF52BC2C1FE00898901 /* Assets.xcassets in Resources */ = {isa = PBXBuildFile; fileRef = 1F027FF42BC2C1FE00898901 /* Assets.xcassets */; };
		1F027FF82BC2C1FE00898901 /* Preview Assets.xcassets in Resources */ = {isa = PBXBuildFile; fileRef = 1F027FF72BC2C1FE00898901 /* Preview Assets.xcassets */; };
		1F0280002BC2C5F300898901 /* Theme.swift in Sources */ = {isa = PBXBuildFile; fileRef = 1F027FFF2BC2C5F300898901 /* Theme.swift */; };
		1F0280022BC2C63500898901 /* DailyScrum.swift in Sources */ = {isa = PBXBuildFile; fileRef = 1F0280012BC2C63500898901 /* DailyScrum.swift */; };
		1F0280042BC2C70E00898901 /* CardView.swift in Sources */ = {isa = PBXBuildFile; fileRef = 1F0280032BC2C70E00898901 /* CardView.swift */; };
		1F0280062BC2CB8300898901 /* TrailingIconLabelStyle.swift in Sources */ = {isa = PBXBuildFile; fileRef = 1F0280052BC2CB8300898901 /* TrailingIconLabelStyle.swift */; };
		1F0280082BC2CF1300898901 /* ScrumsView.swift in Sources */ = {isa = PBXBuildFile; fileRef = 1F0280072BC2CF1300898901 /* ScrumsView.swift */; };
		1F02800A2BC2D98800898901 /* DetailView.swift in Sources */ = {isa = PBXBuildFile; fileRef = 1F0280092BC2D98800898901 /* DetailView.swift */; };
		1F02800C2BC2F1B800898901 /* DetailEditView.swift in Sources */ = {isa = PBXBuildFile; fileRef = 1F02800B2BC2F1B800898901 /* DetailEditView.swift */; };
		1F02800E2BC2FDF900898901 /* ThemeView.swift in Sources */ = {isa = PBXBuildFile; fileRef = 1F02800D2BC2FDF900898901 /* ThemeView.swift */; };
		1F0280102BC2FF8900898901 /* ThemePicker.swift in Sources */ = {isa = PBXBuildFile; fileRef = 1F02800F2BC2FF8900898901 /* ThemePicker.swift */; };
		1F0280172BC31E0600898901 /* ding.wav in Resources */ = {isa = PBXBuildFile; fileRef = 1F0280152BC31E0600898901 /* ding.wav */; };
		1F0280192BC31FC800898901 /* MeetingHeaderView.swift in Sources */ = {isa = PBXBuildFile; fileRef = 1F0280182BC31FC800898901 /* MeetingHeaderView.swift */; };
		1F02801B2BC3210300898901 /* ScrumProgressViewStyle.swift in Sources */ = {isa = PBXBuildFile; fileRef = 1F02801A2BC3210300898901 /* ScrumProgressViewStyle.swift */; };
		1F02801D2BC3221300898901 /* ScrumTimer.swift in Sources */ = {isa = PBXBuildFile; fileRef = 1F02801C2BC3221300898901 /* ScrumTimer.swift */; };
		1F02801F2BC3221C00898901 /* AVPlayer+Ding.swift in Sources */ = {isa = PBXBuildFile; fileRef = 1F02801E2BC3221C00898901 /* AVPlayer+Ding.swift */; };
		1F0280212BC324D700898901 /* MeetingFooterView.swift in Sources */ = {isa = PBXBuildFile; fileRef = 1F0280202BC324D700898901 /* MeetingFooterView.swift */; };
		1F0280232BC328E900898901 /* NewScrumSheet.swift in Sources */ = {isa = PBXBuildFile; fileRef = 1F0280222BC328E900898901 /* NewScrumSheet.swift */; };
		1F0280252BC32BF300898901 /* History.swift in Sources */ = {isa = PBXBuildFile; fileRef = 1F0280242BC32BF300898901 /* History.swift */; };
		1F0280272BC3339600898901 /* ScrumStore.swift in Sources */ = {isa = PBXBuildFile; fileRef = 1F0280262BC3339600898901 /* ScrumStore.swift */; };
		1FC71C172BC3B687007BEEC1 /* ErrorWrapper.swift in Sources */ = {isa = PBXBuildFile; fileRef = 1FC71C162BC3B687007BEEC1 /* ErrorWrapper.swift */; };
		1FC71C192BC3B6BE007BEEC1 /* ErrorView.swift in Sources */ = {isa = PBXBuildFile; fileRef = 1FC71C182BC3B6BE007BEEC1 /* ErrorView.swift */; };
		1FC71C1B2BC440D1007BEEC1 /* MeetingTimerView.swift in Sources */ = {isa = PBXBuildFile; fileRef = 1FC71C1A2BC440D1007BEEC1 /* MeetingTimerView.swift */; };
		1FC71C1D2BC4426D007BEEC1 /* SpeakerArc.swift in Sources */ = {isa = PBXBuildFile; fileRef = 1FC71C1C2BC4426D007BEEC1 /* SpeakerArc.swift */; };
		1FC71C1F2BC44CAF007BEEC1 /* SpeechRecognizer.swift in Sources */ = {isa = PBXBuildFile; fileRef = 1FC71C1E2BC44CAF007BEEC1 /* SpeechRecognizer.swift */; };
		1FC71C212BC4500E007BEEC1 /* HistoryView.swift in Sources */ = {isa = PBXBuildFile; fileRef = 1FC71C202BC4500E007BEEC1 /* HistoryView.swift */; };
/* End PBXBuildFile section */

/* Begin PBXFileReference section */
		1F027FED2BC2C1FD00898901 /* Scrumdinger.app */ = {isa = PBXFileReference; explicitFileType = wrapper.application; includeInIndex = 0; path = Scrumdinger.app; sourceTree = BUILT_PRODUCTS_DIR; };
		1F027FF02BC2C1FD00898901 /* ScrumdingerApp.swift */ = {isa = PBXFileReference; lastKnownFileType = sourcecode.swift; path = ScrumdingerApp.swift; sourceTree = "<group>"; };
		1F027FF22BC2C1FD00898901 /* MeetingView.swift */ = {isa = PBXFileReference; lastKnownFileType = sourcecode.swift; path = MeetingView.swift; sourceTree = "<group>"; };
		1F027FF42BC2C1FE00898901 /* Assets.xcassets */ = {isa = PBXFileReference; lastKnownFileType = folder.assetcatalog; path = Assets.xcassets; sourceTree = "<group>"; };
		1F027FF72BC2C1FE00898901 /* Preview Assets.xcassets */ = {isa = PBXFileReference; lastKnownFileType = folder.assetcatalog; path = "Preview Assets.xcassets"; sourceTree = "<group>"; };
		1F027FFF2BC2C5F300898901 /* Theme.swift */ = {isa = PBXFileReference; lastKnownFileType = sourcecode.swift; path = Theme.swift; sourceTree = "<group>"; };
		1F0280012BC2C63500898901 /* DailyScrum.swift */ = {isa = PBXFileReference; lastKnownFileType = sourcecode.swift; path = DailyScrum.swift; sourceTree = "<group>"; };
		1F0280032BC2C70E00898901 /* CardView.swift */ = {isa = PBXFileReference; lastKnownFileType = sourcecode.swift; path = CardView.swift; sourceTree = "<group>"; };
		1F0280052BC2CB8300898901 /* TrailingIconLabelStyle.swift */ = {isa = PBXFileReference; lastKnownFileType = sourcecode.swift; path = TrailingIconLabelStyle.swift; sourceTree = "<group>"; };
		1F0280072BC2CF1300898901 /* ScrumsView.swift */ = {isa = PBXFileReference; lastKnownFileType = sourcecode.swift; path = ScrumsView.swift; sourceTree = "<group>"; };
		1F0280092BC2D98800898901 /* DetailView.swift */ = {isa = PBXFileReference; lastKnownFileType = sourcecode.swift; path = DetailView.swift; sourceTree = "<group>"; };
		1F02800B2BC2F1B800898901 /* DetailEditView.swift */ = {isa = PBXFileReference; lastKnownFileType = sourcecode.swift; path = DetailEditView.swift; sourceTree = "<group>"; };
		1F02800D2BC2FDF900898901 /* ThemeView.swift */ = {isa = PBXFileReference; lastKnownFileType = sourcecode.swift; path = ThemeView.swift; sourceTree = "<group>"; };
		1F02800F2BC2FF8900898901 /* ThemePicker.swift */ = {isa = PBXFileReference; lastKnownFileType = sourcecode.swift; path = ThemePicker.swift; sourceTree = "<group>"; };
		1F0280152BC31E0600898901 /* ding.wav */ = {isa = PBXFileReference; lastKnownFileType = audio.wav; path = ding.wav; sourceTree = "<group>"; };
		1F0280182BC31FC800898901 /* MeetingHeaderView.swift */ = {isa = PBXFileReference; lastKnownFileType = sourcecode.swift; path = MeetingHeaderView.swift; sourceTree = "<group>"; };
		1F02801A2BC3210300898901 /* ScrumProgressViewStyle.swift */ = {isa = PBXFileReference; fileEncoding = 4; lastKnownFileType = sourcecode.swift; path = ScrumProgressViewStyle.swift; sourceTree = "<group>"; };
		1F02801C2BC3221300898901 /* ScrumTimer.swift */ = {isa = PBXFileReference; fileEncoding = 4; lastKnownFileType = sourcecode.swift; path = ScrumTimer.swift; sourceTree = "<group>"; };
		1F02801E2BC3221C00898901 /* AVPlayer+Ding.swift */ = {isa = PBXFileReference; fileEncoding = 4; lastKnownFileType = sourcecode.swift; path = "AVPlayer+Ding.swift"; sourceTree = "<group>"; };
		1F0280202BC324D700898901 /* MeetingFooterView.swift */ = {isa = PBXFileReference; lastKnownFileType = sourcecode.swift; path = MeetingFooterView.swift; sourceTree = "<group>"; };
		1F0280222BC328E900898901 /* NewScrumSheet.swift */ = {isa = PBXFileReference; lastKnownFileType = sourcecode.swift; path = NewScrumSheet.swift; sourceTree = "<group>"; };
		1F0280242BC32BF300898901 /* History.swift */ = {isa = PBXFileReference; lastKnownFileType = sourcecode.swift; path = History.swift; sourceTree = "<group>"; };
		1F0280262BC3339600898901 /* ScrumStore.swift */ = {isa = PBXFileReference; lastKnownFileType = sourcecode.swift; path = ScrumStore.swift; sourceTree = "<group>"; };
		1FC71C162BC3B687007BEEC1 /* ErrorWrapper.swift */ = {isa = PBXFileReference; lastKnownFileType = sourcecode.swift; path = ErrorWrapper.swift; sourceTree = "<group>"; };
		1FC71C182BC3B6BE007BEEC1 /* ErrorView.swift */ = {isa = PBXFileReference; lastKnownFileType = sourcecode.swift; path = ErrorView.swift; sourceTree = "<group>"; };
		1FC71C1A2BC440D1007BEEC1 /* MeetingTimerView.swift */ = {isa = PBXFileReference; lastKnownFileType = sourcecode.swift; path = MeetingTimerView.swift; sourceTree = "<group>"; };
		1FC71C1C2BC4426D007BEEC1 /* SpeakerArc.swift */ = {isa = PBXFileReference; lastKnownFileType = sourcecode.swift; path = SpeakerArc.swift; sourceTree = "<group>"; };
		1FC71C1E2BC44CAF007BEEC1 /* SpeechRecognizer.swift */ = {isa = PBXFileReference; fileEncoding = 4; lastKnownFileType = sourcecode.swift; path = SpeechRecognizer.swift; sourceTree = "<group>"; };
		1FC71C202BC4500E007BEEC1 /* HistoryView.swift */ = {isa = PBXFileReference; lastKnownFileType = sourcecode.swift; path = HistoryView.swift; sourceTree = "<group>"; };
/* End PBXFileReference section */

/* Begin PBXFrameworksBuildPhase section */
		1F027FEA2BC2C1FD00898901 /* Frameworks */ = {
			isa = PBXFrameworksBuildPhase;
			buildActionMask = 2147483647;
			files = (
			);
			runOnlyForDeploymentPostprocessing = 0;
		};
/* End PBXFrameworksBuildPhase section */

/* Begin PBXGroup section */
		1F027FE42BC2C1FD00898901 = {
			isa = PBXGroup;
			children = (
				1F027FEF2BC2C1FD00898901 /* Scrumdinger */,
				1F027FEE2BC2C1FD00898901 /* Products */,
			);
			sourceTree = "<group>";
		};
		1F027FEE2BC2C1FD00898901 /* Products */ = {
			isa = PBXGroup;
			children = (
				1F027FED2BC2C1FD00898901 /* Scrumdinger.app */,
			);
			name = Products;
			sourceTree = "<group>";
		};
		1F027FEF2BC2C1FD00898901 /* Scrumdinger */ = {
			isa = PBXGroup;
			children = (
				1F0280162BC31E0600898901 /* Resources */,
				1F0280112BC306CA00898901 /* Views */,
				1F027FFE2BC2C5E700898901 /* Models */,
				1F027FF02BC2C1FD00898901 /* ScrumdingerApp.swift */,
				1F02801A2BC3210300898901 /* ScrumProgressViewStyle.swift */,
				1F0280052BC2CB8300898901 /* TrailingIconLabelStyle.swift */,
				1F027FF42BC2C1FE00898901 /* Assets.xcassets */,
				1F027FF62BC2C1FE00898901 /* Preview Content */,
			);
			path = Scrumdinger;
			sourceTree = "<group>";
		};
		1F027FF62BC2C1FE00898901 /* Preview Content */ = {
			isa = PBXGroup;
			children = (
				1F027FF72BC2C1FE00898901 /* Preview Assets.xcassets */,
			);
			path = "Preview Content";
			sourceTree = "<group>";
		};
		1F027FFE2BC2C5E700898901 /* Models */ = {
			isa = PBXGroup;
			children = (
				1FC71C1E2BC44CAF007BEEC1 /* SpeechRecognizer.swift */,
				1F0280262BC3339600898901 /* ScrumStore.swift */,
				1F02801E2BC3221C00898901 /* AVPlayer+Ding.swift */,
				1F02801C2BC3221300898901 /* ScrumTimer.swift */,
				1F027FFF2BC2C5F300898901 /* Theme.swift */,
				1F0280012BC2C63500898901 /* DailyScrum.swift */,
				1F0280242BC32BF300898901 /* History.swift */,
				1FC71C162BC3B687007BEEC1 /* ErrorWrapper.swift */,
			);
			path = Models;
			sourceTree = "<group>";
		};
		1F0280112BC306CA00898901 /* Views */ = {
			isa = PBXGroup;
			children = (
				1F027FF22BC2C1FD00898901 /* MeetingView.swift */,
				1F0280032BC2C70E00898901 /* CardView.swift */,
				1F0280092BC2D98800898901 /* DetailView.swift */,
				1F0280072BC2CF1300898901 /* ScrumsView.swift */,
				1F02800B2BC2F1B800898901 /* DetailEditView.swift */,
				1F02800D2BC2FDF900898901 /* ThemeView.swift */,
				1F02800F2BC2FF8900898901 /* ThemePicker.swift */,
				1F0280182BC31FC800898901 /* MeetingHeaderView.swift */,
				1F0280202BC324D700898901 /* MeetingFooterView.swift */,
				1F0280222BC328E900898901 /* NewScrumSheet.swift */,
				1FC71C182BC3B6BE007BEEC1 /* ErrorView.swift */,
				1FC71C1A2BC440D1007BEEC1 /* MeetingTimerView.swift */,
				1FC71C1C2BC4426D007BEEC1 /* SpeakerArc.swift */,
				1FC71C202BC4500E007BEEC1 /* HistoryView.swift */,
			);
			path = Views;
			sourceTree = "<group>";
		};
		1F0280162BC31E0600898901 /* Resources */ = {
			isa = PBXGroup;
			children = (
				1F0280152BC31E0600898901 /* ding.wav */,
			);
			path = Resources;
			sourceTree = "<group>";
		};
/* End PBXGroup section */

/* Begin PBXNativeTarget section */
		1F027FEC2BC2C1FD00898901 /* Scrumdinger */ = {
			isa = PBXNativeTarget;
			buildConfigurationList = 1F027FFB2BC2C1FE00898901 /* Build configuration list for PBXNativeTarget "Scrumdinger" */;
			buildPhases = (
				1F027FE92BC2C1FD00898901 /* Sources */,
				1F027FEA2BC2C1FD00898901 /* Frameworks */,
				1F027FEB2BC2C1FD00898901 /* Resources */,
			);
			buildRules = (
			);
			dependencies = (
			);
			name = Scrumdinger;
			productName = Scrumdinger;
			productReference = 1F027FED2BC2C1FD00898901 /* Scrumdinger.app */;
			productType = "com.apple.product-type.application";
		};
/* End PBXNativeTarget section */

/* Begin PBXProject section */
		1F027FE52BC2C1FD00898901 /* Project object */ = {
			isa = PBXProject;
			attributes = {
				BuildIndependentTargetsInParallel = 1;
				LastSwiftUpdateCheck = 1530;
				LastUpgradeCheck = 1530;
				TargetAttributes = {
					1F027FEC2BC2C1FD00898901 = {
						CreatedOnToolsVersion = 15.3;
					};
				};
			};
			buildConfigurationList = 1F027FE82BC2C1FD00898901 /* Build configuration list for PBXProject "Scrumdinger" */;
			compatibilityVersion = "Xcode 14.0";
			developmentRegion = en;
			hasScannedForEncodings = 0;
			knownRegions = (
				en,
				Base,
			);
			mainGroup = 1F027FE42BC2C1FD00898901;
			productRefGroup = 1F027FEE2BC2C1FD00898901 /* Products */;
			projectDirPath = "";
			projectRoot = "";
			targets = (
				1F027FEC2BC2C1FD00898901 /* Scrumdinger */,
			);
		};
/* End PBXProject section */

/* Begin PBXResourcesBuildPhase section */
		1F027FEB2BC2C1FD00898901 /* Resources */ = {
			isa = PBXResourcesBuildPhase;
			buildActionMask = 2147483647;
			files = (
				1F0280172BC31E0600898901 /* ding.wav in Resources */,
				1F027FF82BC2C1FE00898901 /* Preview Assets.xcassets in Resources */,
				1F027FF52BC2C1FE00898901 /* Assets.xcassets in Resources */,
			);
			runOnlyForDeploymentPostprocessing = 0;
		};
/* End PBXResourcesBuildPhase section */

/* Begin PBXSourcesBuildPhase section */
		1F027FE92BC2C1FD00898901 /* Sources */ = {
			isa = PBXSourcesBuildPhase;
			buildActionMask = 2147483647;
			files = (
				1F0280252BC32BF300898901 /* History.swift in Sources */,
				1F0280102BC2FF8900898901 /* ThemePicker.swift in Sources */,
				1F02801B2BC3210300898901 /* ScrumProgressViewStyle.swift in Sources */,
				1F02801D2BC3221300898901 /* ScrumTimer.swift in Sources */,
				1FC71C1D2BC4426D007BEEC1 /* SpeakerArc.swift in Sources */,
				1FC71C192BC3B6BE007BEEC1 /* ErrorView.swift in Sources */,
				1F0280022BC2C63500898901 /* DailyScrum.swift in Sources */,
				1FC71C212BC4500E007BEEC1 /* HistoryView.swift in Sources */,
				1FC71C1B2BC440D1007BEEC1 /* MeetingTimerView.swift in Sources */,
				1F02801F2BC3221C00898901 /* AVPlayer+Ding.swift in Sources */,
				1F0280272BC3339600898901 /* ScrumStore.swift in Sources */,
				1F0280212BC324D700898901 /* MeetingFooterView.swift in Sources */,
				1FC71C172BC3B687007BEEC1 /* ErrorWrapper.swift in Sources */,
				1F02800A2BC2D98800898901 /* DetailView.swift in Sources */,
				1F0280192BC31FC800898901 /* MeetingHeaderView.swift in Sources */,
				1F0280232BC328E900898901 /* NewScrumSheet.swift in Sources */,
				1F02800C2BC2F1B800898901 /* DetailEditView.swift in Sources */,
				1F0280062BC2CB8300898901 /* TrailingIconLabelStyle.swift in Sources */,
				1FC71C1F2BC44CAF007BEEC1 /* SpeechRecognizer.swift in Sources */,
				1F0280002BC2C5F300898901 /* Theme.swift in Sources */,
				1F0280082BC2CF1300898901 /* ScrumsView.swift in Sources */,
				1F027FF32BC2C1FD00898901 /* MeetingView.swift in Sources */,
				1F027FF12BC2C1FD00898901 /* ScrumdingerApp.swift in Sources */,
				1F02800E2BC2FDF900898901 /* ThemeView.swift in Sources */,
				1F0280042BC2C70E00898901 /* CardView.swift in Sources */,
			);
			runOnlyForDeploymentPostprocessing = 0;
		};
/* End PBXSourcesBuildPhase section */

/* Begin XCBuildConfiguration section */
		1F027FF92BC2C1FE00898901 /* Debug */ = {
			isa = XCBuildConfiguration;
			buildSettings = {
				ALWAYS_SEARCH_USER_PATHS = NO;
				ASSETCATALOG_COMPILER_GENERATE_SWIFT_ASSET_SYMBOL_EXTENSIONS = YES;
				CLANG_ANALYZER_NONNULL = YES;
				CLANG_ANALYZER_NUMBER_OBJECT_CONVERSION = YES_AGGRESSIVE;
				CLANG_CXX_LANGUAGE_STANDARD = "gnu++20";
				CLANG_ENABLE_MODULES = YES;
				CLANG_ENABLE_OBJC_ARC = YES;
				CLANG_ENABLE_OBJC_WEAK = YES;
				CLANG_WARN_BLOCK_CAPTURE_AUTORELEASING = YES;
				CLANG_WARN_BOOL_CONVERSION = YES;
				CLANG_WARN_COMMA = YES;
				CLANG_WARN_CONSTANT_CONVERSION = YES;
				CLANG_WARN_DEPRECATED_OBJC_IMPLEMENTATIONS = YES;
				CLANG_WARN_DIRECT_OBJC_ISA_USAGE = YES_ERROR;
				CLANG_WARN_DOCUMENTATION_COMMENTS = YES;
				CLANG_WARN_EMPTY_BODY = YES;
				CLANG_WARN_ENUM_CONVERSION = YES;
				CLANG_WARN_INFINITE_RECURSION = YES;
				CLANG_WARN_INT_CONVERSION = YES;
				CLANG_WARN_NON_LITERAL_NULL_CONVERSION = YES;
				CLANG_WARN_OBJC_IMPLICIT_RETAIN_SELF = YES;
				CLANG_WARN_OBJC_LITERAL_CONVERSION = YES;
				CLANG_WARN_OBJC_ROOT_CLASS = YES_ERROR;
				CLANG_WARN_QUOTED_INCLUDE_IN_FRAMEWORK_HEADER = YES;
				CLANG_WARN_RANGE_LOOP_ANALYSIS = YES;
				CLANG_WARN_STRICT_PROTOTYPES = YES;
				CLANG_WARN_SUSPICIOUS_MOVE = YES;
				CLANG_WARN_UNGUARDED_AVAILABILITY = YES_AGGRESSIVE;
				CLANG_WARN_UNREACHABLE_CODE = YES;
				CLANG_WARN__DUPLICATE_METHOD_MATCH = YES;
				COPY_PHASE_STRIP = NO;
				DEBUG_INFORMATION_FORMAT = dwarf;
				ENABLE_STRICT_OBJC_MSGSEND = YES;
				ENABLE_TESTABILITY = YES;
				ENABLE_USER_SCRIPT_SANDBOXING = YES;
				GCC_C_LANGUAGE_STANDARD = gnu17;
				GCC_DYNAMIC_NO_PIC = NO;
				GCC_NO_COMMON_BLOCKS = YES;
				GCC_OPTIMIZATION_LEVEL = 0;
				GCC_PREPROCESSOR_DEFINITIONS = (
					"DEBUG=1",
					"$(inherited)",
				);
				GCC_WARN_64_TO_32_BIT_CONVERSION = YES;
				GCC_WARN_ABOUT_RETURN_TYPE = YES_ERROR;
				GCC_WARN_UNDECLARED_SELECTOR = YES;
				GCC_WARN_UNINITIALIZED_AUTOS = YES_AGGRESSIVE;
				GCC_WARN_UNUSED_FUNCTION = YES;
				GCC_WARN_UNUSED_VARIABLE = YES;
				IPHONEOS_DEPLOYMENT_TARGET = 17.4;
				LOCALIZATION_PREFERS_STRING_CATALOGS = YES;
				MTL_ENABLE_DEBUG_INFO = INCLUDE_SOURCE;
				MTL_FAST_MATH = YES;
				ONLY_ACTIVE_ARCH = YES;
				SDKROOT = iphoneos;
				SWIFT_ACTIVE_COMPILATION_CONDITIONS = "DEBUG $(inherited)";
				SWIFT_OPTIMIZATION_LEVEL = "-Onone";
			};
			name = Debug;
		};
		1F027FFA2BC2C1FE00898901 /* Release */ = {
			isa = XCBuildConfiguration;
			buildSettings = {
				ALWAYS_SEARCH_USER_PATHS = NO;
				ASSETCATALOG_COMPILER_GENERATE_SWIFT_ASSET_SYMBOL_EXTENSIONS = YES;
				CLANG_ANALYZER_NONNULL = YES;
				CLANG_ANALYZER_NUMBER_OBJECT_CONVERSION = YES_AGGRESSIVE;
				CLANG_CXX_LANGUAGE_STANDARD = "gnu++20";
				CLANG_ENABLE_MODULES = YES;
				CLANG_ENABLE_OBJC_ARC = YES;
				CLANG_ENABLE_OBJC_WEAK = YES;
				CLANG_WARN_BLOCK_CAPTURE_AUTORELEASING = YES;
				CLANG_WARN_BOOL_CONVERSION = YES;
				CLANG_WARN_COMMA = YES;
				CLANG_WARN_CONSTANT_CONVERSION = YES;
				CLANG_WARN_DEPRECATED_OBJC_IMPLEMENTATIONS = YES;
				CLANG_WARN_DIRECT_OBJC_ISA_USAGE = YES_ERROR;
				CLANG_WARN_DOCUMENTATION_COMMENTS = YES;
				CLANG_WARN_EMPTY_BODY = YES;
				CLANG_WARN_ENUM_CONVERSION = YES;
				CLANG_WARN_INFINITE_RECURSION = YES;
				CLANG_WARN_INT_CONVERSION = YES;
				CLANG_WARN_NON_LITERAL_NULL_CONVERSION = YES;
				CLANG_WARN_OBJC_IMPLICIT_RETAIN_SELF = YES;
				CLANG_WARN_OBJC_LITERAL_CONVERSION = YES;
				CLANG_WARN_OBJC_ROOT_CLASS = YES_ERROR;
				CLANG_WARN_QUOTED_INCLUDE_IN_FRAMEWORK_HEADER = YES;
				CLANG_WARN_RANGE_LOOP_ANALYSIS = YES;
				CLANG_WARN_STRICT_PROTOTYPES = YES;
				CLANG_WARN_SUSPICIOUS_MOVE = YES;
				CLANG_WARN_UNGUARDED_AVAILABILITY = YES_AGGRESSIVE;
				CLANG_WARN_UNREACHABLE_CODE = YES;
				CLANG_WARN__DUPLICATE_METHOD_MATCH = YES;
				COPY_PHASE_STRIP = NO;
				DEBUG_INFORMATION_FORMAT = "dwarf-with-dsym";
				ENABLE_NS_ASSERTIONS = NO;
				ENABLE_STRICT_OBJC_MSGSEND = YES;
				ENABLE_USER_SCRIPT_SANDBOXING = YES;
				GCC_C_LANGUAGE_STANDARD = gnu17;
				GCC_NO_COMMON_BLOCKS = YES;
				GCC_WARN_64_TO_32_BIT_CONVERSION = YES;
				GCC_WARN_ABOUT_RETURN_TYPE = YES_ERROR;
				GCC_WARN_UNDECLARED_SELECTOR = YES;
				GCC_WARN_UNINITIALIZED_AUTOS = YES_AGGRESSIVE;
				GCC_WARN_UNUSED_FUNCTION = YES;
				GCC_WARN_UNUSED_VARIABLE = YES;
				IPHONEOS_DEPLOYMENT_TARGET = 17.4;
				LOCALIZATION_PREFERS_STRING_CATALOGS = YES;
				MTL_ENABLE_DEBUG_INFO = NO;
				MTL_FAST_MATH = YES;
				SDKROOT = iphoneos;
				SWIFT_COMPILATION_MODE = wholemodule;
				VALIDATE_PRODUCT = YES;
			};
			name = Release;
		};
		1F027FFC2BC2C1FE00898901 /* Debug */ = {
			isa = XCBuildConfiguration;
			buildSettings = {
				ASSETCATALOG_COMPILER_APPICON_NAME = AppIcon;
				ASSETCATALOG_COMPILER_GLOBAL_ACCENT_COLOR_NAME = AccentColor;
				CODE_SIGN_STYLE = Automatic;
				CURRENT_PROJECT_VERSION = 1;
				DEVELOPMENT_ASSET_PATHS = "\"Scrumdinger/Preview Content\"";
				DEVELOPMENT_TEAM = 67Q5VK8T9L;
				ENABLE_PREVIEWS = YES;
				GENERATE_INFOPLIST_FILE = YES;
				INFOPLIST_KEY_NSMicrophoneUsageDescription = "Звук записывается для расшифровки собрания. Аудиозаписи удаляются после расшифровки";
				INFOPLIST_KEY_NSSpeechRecognitionUsageDescription = "Вы можете просмотреть текстовую транскрипцию вашей встречи в приложении";
				INFOPLIST_KEY_UIApplicationSceneManifest_Generation = YES;
				INFOPLIST_KEY_UIApplicationSupportsIndirectInputEvents = YES;
				INFOPLIST_KEY_UILaunchScreen_Generation = YES;
				INFOPLIST_KEY_UISupportedInterfaceOrientations_iPad = "UIInterfaceOrientationPortrait UIInterfaceOrientationPortraitUpsideDown UIInterfaceOrientationLandscapeLeft UIInterfaceOrientationLandscapeRight";
				INFOPLIST_KEY_UISupportedInterfaceOrientations_iPhone = "UIInterfaceOrientationPortrait UIInterfaceOrientationLandscapeLeft UIInterfaceOrientationLandscapeRight";
				IPHONEOS_DEPLOYMENT_TARGET = 17.0;
				LD_RUNPATH_SEARCH_PATHS = (
					"$(inherited)",
					"@executable_path/Frameworks",
				);
				MARKETING_VERSION = 1.0;
				PRODUCT_BUNDLE_IDENTIFIER = makersmarkcompany.Scrumdinger;
				PRODUCT_NAME = "$(TARGET_NAME)";
				SWIFT_EMIT_LOC_STRINGS = YES;
				SWIFT_VERSION = 5.0;
				TARGETED_DEVICE_FAMILY = "1,2";
			};
			name = Debug;
		};
		1F027FFD2BC2C1FE00898901 /* Release */ = {
			isa = XCBuildConfiguration;
			buildSettings = {
				ASSETCATALOG_COMPILER_APPICON_NAME = AppIcon;
				ASSETCATALOG_COMPILER_GLOBAL_ACCENT_COLOR_NAME = AccentColor;
				CODE_SIGN_STYLE = Automatic;
				CURRENT_PROJECT_VERSION = 1;
				DEVELOPMENT_ASSET_PATHS = "\"Scrumdinger/Preview Content\"";
				DEVELOPMENT_TEAM = 67Q5VK8T9L;
				ENABLE_PREVIEWS = YES;
				GENERATE_INFOPLIST_FILE = YES;
				INFOPLIST_KEY_NSMicrophoneUsageDescription = "Звук записывается для расшифровки собрания. Аудиозаписи удаляются после расшифровки";
				INFOPLIST_KEY_NSSpeechRecognitionUsageDescription = "Вы можете просмотреть текстовую транскрипцию вашей встречи в приложении";
				INFOPLIST_KEY_UIApplicationSceneManifest_Generation = YES;
				INFOPLIST_KEY_UIApplicationSupportsIndirectInputEvents = YES;
				INFOPLIST_KEY_UILaunchScreen_Generation = YES;
				INFOPLIST_KEY_UISupportedInterfaceOrientations_iPad = "UIInterfaceOrientationPortrait UIInterfaceOrientationPortraitUpsideDown UIInterfaceOrientationLandscapeLeft UIInterfaceOrientationLandscapeRight";
				INFOPLIST_KEY_UISupportedInterfaceOrientations_iPhone = "UIInterfaceOrientationPortrait UIInterfaceOrientationLandscapeLeft UIInterfaceOrientationLandscapeRight";
				IPHONEOS_DEPLOYMENT_TARGET = 17.0;
				LD_RUNPATH_SEARCH_PATHS = (
					"$(inherited)",
					"@executable_path/Frameworks",
				);
				MARKETING_VERSION = 1.0;
				PRODUCT_BUNDLE_IDENTIFIER = makersmarkcompany.Scrumdinger;
				PRODUCT_NAME = "$(TARGET_NAME)";
				SWIFT_EMIT_LOC_STRINGS = YES;
				SWIFT_VERSION = 5.0;
				TARGETED_DEVICE_FAMILY = "1,2";
			};
			name = Release;
		};
/* End XCBuildConfiguration section */

/* Begin XCConfigurationList section */
		1F027FE82BC2C1FD00898901 /* Build configuration list for PBXProject "Scrumdinger" */ = {
			isa = XCConfigurationList;
			buildConfigurations = (
				1F027FF92BC2C1FE00898901 /* Debug */,
				1F027FFA2BC2C1FE00898901 /* Release */,
			);
			defaultConfigurationIsVisible = 0;
			defaultConfigurationName = Release;
		};
		1F027FFB2BC2C1FE00898901 /* Build configuration list for PBXNativeTarget "Scrumdinger" */ = {
			isa = XCConfigurationList;
			buildConfigurations = (
				1F027FFC2BC2C1FE00898901 /* Debug */,
				1F027FFD2BC2C1FE00898901 /* Release */,
			);
			defaultConfigurationIsVisible = 0;
			defaultConfigurationName = Release;
		};
/* End XCConfigurationList section */
	};
	rootObject = 1F027FE52BC2C1FD00898901 /* Project object */;
}
